
Microsoft Visual Studio Solution File, Format Version 12.00
# Visual Studio Version 16
VisualStudioVersion = 16.0.31025.194
MinimumVisualStudioVersion = 10.0.40219.1
Project("{FAE04EC0-301F-11D3-BF4B-00C04F79EFBC}") = "votingSystem.Android", "votingSystem.Android\votingSystem.Android.csproj", "{34971B95-F45A-476D-8D9F-2583FDA1BC63}"
EndProject
Project("{FAE04EC0-301F-11D3-BF4B-00C04F79EFBC}") = "votingSystem.iOS", "votingSystem.iOS\votingSystem.iOS.csproj", "{EABAFF25-BD91-4852-8328-CE0AEC104B8F}"
EndProject
Project("{FAE04EC0-301F-11D3-BF4B-00C04F79EFBC}") = "votingSystem", "votingSystem\votingSystem.csproj", "{430BEBA3-67B4-4BA3-99CE-88E729A8221B}"
EndProject
Global
	GlobalSection(SolutionConfigurationPlatforms) = preSolution
		Debug|Any CPU = Debug|Any CPU
		Debug|iPhone = Debug|iPhone
		Debug|iPhoneSimulator = Debug|iPhoneSimulator
		Release|Any CPU = Release|Any CPU
		Release|iPhone = Release|iPhone
		Release|iPhoneSimulator = Release|iPhoneSimulator
	EndGlobalSection
	GlobalSection(ProjectConfigurationPlatforms) = postSolution
		{34971B95-F45A-476D-8D9F-2583FDA1BC63}.Debug|Any CPU.ActiveCfg = Debug|Any CPU
		{34971B95-F45A-476D-8D9F-2583FDA1BC63}.Debug|Any CPU.Build.0 = Debug|Any CPU
		{34971B95-F45A-476D-8D9F-2583FDA1BC63}.Debug|Any CPU.Deploy.0 = Debug|Any CPU
		{34971B95-F45A-476D-8D9F-2583FDA1BC63}.Debug|iPhone.ActiveCfg = Debug|Any CPU
		{34971B95-F45A-476D-8D9F-2583FDA1BC63}.Debug|iPhone.Build.0 = Debug|Any CPU
		{34971B95-F45A-476D-8D9F-2583FDA1BC63}.Debug|iPhone.Deploy.0 = Debug|Any CPU
		{34971B95-F45A-476D-8D9F-2583FDA1BC63}.Debug|iPhoneSimulator.ActiveCfg = Debug|Any CPU
		{34971B95-F45A-476D-8D9F-2583FDA1BC63}.Debug|iPhoneSimulator.Build.0 = Debug|Any CPU
		{34971B95-F45A-476D-8D9F-2583FDA1BC63}.Debug|iPhoneSimulator.Deploy.0 = Debug|Any CPU
		{34971B95-F45A-476D-8D9F-2583FDA1BC63}.Release|Any CPU.ActiveCfg = Release|Any CPU
		{34971B95-F45A-476D-8D9F-2583FDA1BC63}.Release|Any CPU.Build.0 = Release|Any CPU
		{34971B95-F45A-476D-8D9F-2583FDA1BC63}.Release|Any CPU.Deploy.0 = Release|Any CPU
		{34971B95-F45A-476D-8D9F-2583FDA1BC63}.Release|iPhone.ActiveCfg = Release|Any CPU
		{34971B95-F45A-476D-8D9F-2583FDA1BC63}.Release|iPhone.Build.0 = Release|Any CPU
		{34971B95-F45A-476D-8D9F-2583FDA1BC63}.Release|iPhone.Deploy.0 = Release|Any CPU
		{34971B95-F45A-476D-8D9F-2583FDA1BC63}.Release|iPhoneSimulator.ActiveCfg = Release|Any CPU
		{34971B95-F45A-476D-8D9F-2583FDA1BC63}.Release|iPhoneSimulator.Build.0 = Release|Any CPU
		{34971B95-F45A-476D-8D9F-2583FDA1BC63}.Release|iPhoneSimulator.Deploy.0 = Release|Any CPU
		{EABAFF25-BD91-4852-8328-CE0AEC104B8F}.Debug|Any CPU.ActiveCfg = Debug|iPhone
		{EABAFF25-BD91-4852-8328-CE0AEC104B8F}.Debug|Any CPU.Build.0 = Debug|iPhone
		{EABAFF25-BD91-4852-8328-CE0AEC104B8F}.Debug|Any CPU.Deploy.0 = Debug|iPhone
		{EABAFF25-BD91-4852-8328-CE0AEC104B8F}.Debug|iPhone.ActiveCfg = Debug|iPhone
		{EABAFF25-BD91-4852-8328-CE0AEC104B8F}.Debug|iPhone.Build.0 = Debug|iPhone
		{EABAFF25-BD91-4852-8328-CE0AEC104B8F}.Debug|iPhone.Deploy.0 = Debug|iPhone
		{EABAFF25-BD91-4852-8328-CE0AEC104B8F}.Debug|iPhoneSimulator.ActiveCfg = Debug|iPhoneSimulator
		{EABAFF25-BD91-4852-8328-CE0AEC104B8F}.Debug|iPhoneSimulator.Build.0 = Debug|iPhoneSimulator
		{EABAFF25-BD91-4852-8328-CE0AEC104B8F}.Debug|iPhoneSimulator.Deploy.0 = Debug|iPhoneSimulator
		{EABAFF25-BD91-4852-8328-CE0AEC104B8F}.Release|Any CPU.ActiveCfg = Release|iPhoneSimulator
		{EABAFF25-BD91-4852-8328-CE0AEC104B8F}.Release|Any CPU.Build.0 = Release|iPhoneSimulator
		{EABAFF25-BD91-4852-8328-CE0AEC104B8F}.Release|Any CPU.Deploy.0 = Release|iPhoneSimulator
		{EABAFF25-BD91-4852-8328-CE0AEC104B8F}.Release|iPhone.ActiveCfg = Release|iPhone
		{EABAFF25-BD91-4852-8328-CE0AEC104B8F}.Release|iPhone.Build.0 = Release|iPhone
		{EABAFF25-BD91-4852-8328-CE0AEC104B8F}.Release|iPhone.Deploy.0 = Release|iPhone
		{EABAFF25-BD91-4852-8328-CE0AEC104B8F}.Release|iPhoneSimulator.ActiveCfg = Release|iPhoneSimulator
		{EABAFF25-BD91-4852-8328-CE0AEC104B8F}.Release|iPhoneSimulator.Build.0 = Release|iPhoneSimulator
		{EABAFF25-BD91-4852-8328-CE0AEC104B8F}.Release|iPhoneSimulator.Deploy.0 = Release|iPhoneSimulator
		{430BEBA3-67B4-4BA3-99CE-88E729A8221B}.Debug|Any CPU.ActiveCfg = Debug|Any CPU
		{430BEBA3-67B4-4BA3-99CE-88E729A8221B}.Debug|Any CPU.Build.0 = Debug|Any CPU
		{430BEBA3-67B4-4BA3-99CE-88E729A8221B}.Debug|Any CPU.Deploy.0 = Debug|Any CPU
		{430BEBA3-67B4-4BA3-99CE-88E729A8221B}.Debug|iPhone.ActiveCfg = Debug|Any CPU
		{430BEBA3-67B4-4BA3-99CE-88E729A8221B}.Debug|iPhone.Build.0 = Debug|Any CPU
		{430BEBA3-67B4-4BA3-99CE-88E729A8221B}.Debug|iPhone.Deploy.0 = Debug|Any CPU
		{430BEBA3-67B4-4BA3-99CE-88E729A8221B}.Debug|iPhoneSimulator.ActiveCfg = Debug|Any CPU
		{430BEBA3-67B4-4BA3-99CE-88E729A8221B}.Debug|iPhoneSimulator.Build.0 = Debug|Any CPU
		{430BEBA3-67B4-4BA3-99CE-88E729A8221B}.Debug|iPhoneSimulator.Deploy.0 = Debug|Any CPU
		{430BEBA3-67B4-4BA3-99CE-88E729A8221B}.Release|Any CPU.ActiveCfg = Release|Any CPU
		{430BEBA3-67B4-4BA3-99CE-88E729A8221B}.Release|Any CPU.Build.0 = Release|Any CPU
		{430BEBA3-67B4-4BA3-99CE-88E729A8221B}.Release|Any CPU.Deploy.0 = Release|Any CPU
		{430BEBA3-67B4-4BA3-99CE-88E729A8221B}.Release|iPhone.ActiveCfg = Release|Any CPU
		{430BEBA3-67B4-4BA3-99CE-88E729A8221B}.Release|iPhone.Build.0 = Release|Any CPU
		{430BEBA3-67B4-4BA3-99CE-88E729A8221B}.Release|iPhone.Deploy.0 = Release|Any CPU
		{430BEBA3-67B4-4BA3-99CE-88E729A8221B}.Release|iPhoneSimulator.ActiveCfg = Release|Any CPU
		{430BEBA3-67B4-4BA3-99CE-88E729A8221B}.Release|iPhoneSimulator.Build.0 = Release|Any CPU
		{430BEBA3-67B4-4BA3-99CE-88E729A8221B}.Release|iPhoneSimulator.Deploy.0 = Release|Any CPU
	EndGlobalSection
	GlobalSection(SolutionProperties) = preSolution
		HideSolutionNode = FALSE
	EndGlobalSection
	GlobalSection(ExtensibilityGlobals) = postSolution
		SolutionGuid = {420B9EE5-98F7-44A6-AE97-004A272F0E6E}
	EndGlobalSection
EndGlobal
